
Microsoft Visual Studio Solution File, Format Version 12.00
# Visual Studio Version 17
VisualStudioVersion = 17.0.31521.260
MinimumVisualStudioVersion = 10.0.40219.1
Project("{FAE04EC0-301F-11D3-BF4B-00C04F79EFBC}") = "WebFormIntelliTest", "WebFormIntelliTest\WebFormIntelliTest.csproj", "{857B48AF-3CA5-49CB-90E4-36DE91C80159}"
EndProject
Project("{FAE04EC0-301F-11D3-BF4B-00C04F79EFBC}") = "WebFormIntelliTest.Tests", "WebFormIntelliTest.Tests01\WebFormIntelliTest.Tests.csproj", "{34E5BB5C-9D29-4BF4-AE9B-195A8AD6AA3C}"
EndProject
Project("{FAE04EC0-301F-11D3-BF4B-00C04F79EFBC}") = "TaxCalculators", "TaxCalculators\TaxCalculators.csproj", "{A027F68C-57AA-4623-93E9-ADAEBA8D5D09}"
EndProject
Project("{FAE04EC0-301F-11D3-BF4B-00C04F79EFBC}") = "TaxCalculators.Tests", "TaxCalculators.Tests\TaxCalculators.Tests.csproj", "{E475A8CF-B4FF-4D39-B7F0-538E183E181E}"
EndProject
Project("{FAE04EC0-301F-11D3-BF4B-00C04F79EFBC}") = "DAL", "DAL\DAL.csproj", "{B69BCA43-0859-47ED-A904-6E4BF5B62C2F}"
EndProject
Project("{FAE04EC0-301F-11D3-BF4B-00C04F79EFBC}") = "Models", "Models\Models.csproj", "{649C6272-1B5A-4F7E-B551-48F60377AE0C}"
EndProject
Project("{FAE04EC0-301F-11D3-BF4B-00C04F79EFBC}") = "DAL.Tests", "DAL.Tests\DAL.Tests.csproj", "{03CFBA0A-08EA-4568-878A-59046D08221C}"
EndProject
Project("{FAE04EC0-301F-11D3-BF4B-00C04F79EFBC}") = "Models.Tests", "Models.Tests\Models.Tests.csproj", "{44AB8834-FAE3-4503-896E-2105FCA1A3FF}"
EndProject
Global
	GlobalSection(SolutionConfigurationPlatforms) = preSolution
		Debug|Any CPU = Debug|Any CPU
		Release|Any CPU = Release|Any CPU
	EndGlobalSection
	GlobalSection(ProjectConfigurationPlatforms) = postSolution
		{857B48AF-3CA5-49CB-90E4-36DE91C80159}.Debug|Any CPU.ActiveCfg = Debug|Any CPU
		{857B48AF-3CA5-49CB-90E4-36DE91C80159}.Debug|Any CPU.Build.0 = Debug|Any CPU
		{857B48AF-3CA5-49CB-90E4-36DE91C80159}.Release|Any CPU.ActiveCfg = Release|Any CPU
		{857B48AF-3CA5-49CB-90E4-36DE91C80159}.Release|Any CPU.Build.0 = Release|Any CPU
		{34E5BB5C-9D29-4BF4-AE9B-195A8AD6AA3C}.Debug|Any CPU.ActiveCfg = Debug|Any CPU
		{34E5BB5C-9D29-4BF4-AE9B-195A8AD6AA3C}.Debug|Any CPU.Build.0 = Debug|Any CPU
		{34E5BB5C-9D29-4BF4-AE9B-195A8AD6AA3C}.Release|Any CPU.ActiveCfg = Release|Any CPU
		{34E5BB5C-9D29-4BF4-AE9B-195A8AD6AA3C}.Release|Any CPU.Build.0 = Release|Any CPU
		{A027F68C-57AA-4623-93E9-ADAEBA8D5D09}.Debug|Any CPU.ActiveCfg = Debug|Any CPU
		{A027F68C-57AA-4623-93E9-ADAEBA8D5D09}.Debug|Any CPU.Build.0 = Debug|Any CPU
		{A027F68C-57AA-4623-93E9-ADAEBA8D5D09}.Release|Any CPU.ActiveCfg = Release|Any CPU
		{A027F68C-57AA-4623-93E9-ADAEBA8D5D09}.Release|Any CPU.Build.0 = Release|Any CPU
		{E475A8CF-B4FF-4D39-B7F0-538E183E181E}.Debug|Any CPU.ActiveCfg = Debug|Any CPU
		{E475A8CF-B4FF-4D39-B7F0-538E183E181E}.Debug|Any CPU.Build.0 = Debug|Any CPU
		{E475A8CF-B4FF-4D39-B7F0-538E183E181E}.Release|Any CPU.ActiveCfg = Release|Any CPU
		{E475A8CF-B4FF-4D39-B7F0-538E183E181E}.Release|Any CPU.Build.0 = Release|Any CPU
		{B69BCA43-0859-47ED-A904-6E4BF5B62C2F}.Debug|Any CPU.ActiveCfg = Debug|Any CPU
		{B69BCA43-0859-47ED-A904-6E4BF5B62C2F}.Debug|Any CPU.Build.0 = Debug|Any CPU
		{B69BCA43-0859-47ED-A904-6E4BF5B62C2F}.Release|Any CPU.ActiveCfg = Release|Any CPU
		{B69BCA43-0859-47ED-A904-6E4BF5B62C2F}.Release|Any CPU.Build.0 = Release|Any CPU
		{649C6272-1B5A-4F7E-B551-48F60377AE0C}.Debug|Any CPU.ActiveCfg = Debug|Any CPU
		{649C6272-1B5A-4F7E-B551-48F60377AE0C}.Debug|Any CPU.Build.0 = Debug|Any CPU
		{649C6272-1B5A-4F7E-B551-48F60377AE0C}.Release|Any CPU.ActiveCfg = Release|Any CPU
		{649C6272-1B5A-4F7E-B551-48F60377AE0C}.Release|Any CPU.Build.0 = Release|Any CPU
		{03CFBA0A-08EA-4568-878A-59046D08221C}.Debug|Any CPU.ActiveCfg = Debug|Any CPU
		{03CFBA0A-08EA-4568-878A-59046D08221C}.Debug|Any CPU.Build.0 = Debug|Any CPU
		{03CFBA0A-08EA-4568-878A-59046D08221C}.Release|Any CPU.ActiveCfg = Release|Any CPU
		{03CFBA0A-08EA-4568-878A-59046D08221C}.Release|Any CPU.Build.0 = Release|Any CPU
		{44AB8834-FAE3-4503-896E-2105FCA1A3FF}.Debug|Any CPU.ActiveCfg = Debug|Any CPU
		{44AB8834-FAE3-4503-896E-2105FCA1A3FF}.Debug|Any CPU.Build.0 = Debug|Any CPU
		{44AB8834-FAE3-4503-896E-2105FCA1A3FF}.Release|Any CPU.ActiveCfg = Release|Any CPU
		{44AB8834-FAE3-4503-896E-2105FCA1A3FF}.Release|Any CPU.Build.0 = Release|Any CPU
	EndGlobalSection
	GlobalSection(SolutionProperties) = preSolution
		HideSolutionNode = FALSE
	EndGlobalSection
	GlobalSection(ExtensibilityGlobals) = postSolution
		SolutionGuid = {E036A2F7-8E10-42E6-8007-02B705DB0A2F}
	EndGlobalSection
EndGlobal
